
Microsoft Visual Studio Solution File, Format Version 12.00
# Visual Studio Version 16
VisualStudioVersion = 16.0.30503.244
MinimumVisualStudioVersion = 10.0.40219.1
Project("{FAE04EC0-301F-11D3-BF4B-00C04F79EFBC}") = "Dz4", "Dz4\Dz4.csproj", "{B2553628-3532-4D3D-8433-5167C8DA8900}"
EndProject
Global
	GlobalSection(SolutionConfigurationPlatforms) = preSolution
		Debug|Any CPU = Debug|Any CPU
		Release|Any CPU = Release|Any CPU
	EndGlobalSection
	GlobalSection(ProjectConfigurationPlatforms) = postSolution
		{B2553628-3532-4D3D-8433-5167C8DA8900}.Debug|Any CPU.ActiveCfg = Debug|Any CPU
		{B2553628-3532-4D3D-8433-5167C8DA8900}.Debug|Any CPU.Build.0 = Debug|Any CPU
		{B2553628-3532-4D3D-8433-5167C8DA8900}.Release|Any CPU.ActiveCfg = Release|Any CPU
		{B2553628-3532-4D3D-8433-5167C8DA8900}.Release|Any CPU.Build.0 = Release|Any CPU
	EndGlobalSection
	GlobalSection(SolutionProperties) = preSolution
		HideSolutionNode = FALSE
	EndGlobalSection
	GlobalSection(ExtensibilityGlobals) = postSolution
		SolutionGuid = {57D10325-3414-435B-9553-137331FD714F}
	EndGlobalSection
EndGlobal
